PODS:
  - Alamofire (5.0.0-rc.2)
  - AlamofireObjectMapper (6.2.0):
    - Alamofire (= 5.0.0-rc.2)
    - ObjectMapper (~> 3.5.1)
  - lottie-ios (3.1.6)
  - ObjectMapper (3.5.1)
  - ReachabilitySwift (5.0.0)
  - SDWebImage (5.5.2):
    - SDWebImage/Core (= 5.5.2)
  - SDWebImage/Core (5.5.2)

DEPENDENCIES:
  - Alamofire
  - AlamofireObjectMapper
  - lottie-ios
  - ObjectMapper
  - ReachabilitySwift
  - SDWebImage

SPEC REPOS:
  trunk:
    - Alamofire
    - AlamofireObjectMapper
    - lottie-ios
    - ObjectMapper
    - ReachabilitySwift
    - SDWebImage

SPEC CHECKSUMS:
  Alamofire: f9450d3c7f6bea2ad62e7a541c3e9b186c7991d6
  AlamofireObjectMapper: 74d1440c92c42bbcc2b5f4dc81654ac095ec669f
  lottie-ios: 85ce835dd8c53e02509f20729fc7d6a4e6645a0a
  ObjectMapper: 70187b8941977c62ccfb423caf6b50be405cabf0
  ReachabilitySwift: 985039c6f7b23a1da463388634119492ff86c825
  SDWebImage: 4d5c027c935438f341ed33dbac53ff9f479922ca

PODFILE CHECKSUM: a8ea193ad89c23da9c410c8ab8990507e57dfa04

COCOAPODS: 1.8.4
